
Microsoft Visual Studio Solution File, Format Version 12.00
# Visual Studio Version 16
VisualStudioVersion = 16.0.30011.22
MinimumVisualStudioVersion = 10.0.40219.1
Project("{FAE04EC0-301F-11D3-BF4B-00C04F79EFBC}") = "WCF", "WCF\WCF.csproj", "{A38180A8-9D4E-4DB9-971A-E2BCA8C3F008}"
EndProject
Global
	GlobalSection(SolutionConfigurationPlatforms) = preSolution
		Debug|Any CPU = Debug|Any CPU
		Release|Any CPU = Release|Any CPU
	EndGlobalSection
	GlobalSection(ProjectConfigurationPlatforms) = postSolution
		{A38180A8-9D4E-4DB9-971A-E2BCA8C3F008}.Debug|Any CPU.ActiveCfg = Debug|Any CPU
		{A38180A8-9D4E-4DB9-971A-E2BCA8C3F008}.Debug|Any CPU.Build.0 = Debug|Any CPU
		{A38180A8-9D4E-4DB9-971A-E2BCA8C3F008}.Release|Any CPU.ActiveCfg = Release|Any CPU
		{A38180A8-9D4E-4DB9-971A-E2BCA8C3F008}.Release|Any CPU.Build.0 = Release|Any CPU
	EndGlobalSection
	GlobalSection(SolutionProperties) = preSolution
		HideSolutionNode = FALSE
	EndGlobalSection
	GlobalSection(ExtensibilityGlobals) = postSolution
		SolutionGuid = {B3A05FB1-1C53-4BE9-AED4-19535E036984}
	EndGlobalSection
EndGlobal
